
Microsoft Visual Studio Solution File, Format Version 12.00
# Visual Studio Version 17
VisualStudioVersion = 17.10.35013.160
MinimumVisualStudioVersion = 10.0.40219.1
Project("{FAE04EC0-301F-11D3-BF4B-00C04F79EFBC}") = "ToDoList", "ToDoList\ToDoList.csproj", "{52CC7D5F-EDED-497E-9ECC-453FF4645600}"
EndProject
Global
	GlobalSection(SolutionConfigurationPlatforms) = preSolution
		Debug|Any CPU = Debug|Any CPU
		Release|Any CPU = Release|Any CPU
	EndGlobalSection
	GlobalSection(ProjectConfigurationPlatforms) = postSolution
		{52CC7D5F-EDED-497E-9ECC-453FF4645600}.Debug|Any CPU.ActiveCfg = Debug|Any CPU
		{52CC7D5F-EDED-497E-9ECC-453FF4645600}.Debug|Any CPU.Build.0 = Debug|Any CPU
		{52CC7D5F-EDED-497E-9ECC-453FF4645600}.Debug|Any CPU.Deploy.0 = Debug|Any CPU
		{52CC7D5F-EDED-497E-9ECC-453FF4645600}.Release|Any CPU.ActiveCfg = Release|Any CPU
		{52CC7D5F-EDED-497E-9ECC-453FF4645600}.Release|Any CPU.Build.0 = Release|Any CPU
		{52CC7D5F-EDED-497E-9ECC-453FF4645600}.Release|Any CPU.Deploy.0 = Release|Any CPU
	EndGlobalSection
	GlobalSection(SolutionProperties) = preSolution
		HideSolutionNode = FALSE
	EndGlobalSection
	GlobalSection(ExtensibilityGlobals) = postSolution
		SolutionGuid = {080FEE29-F644-4079-A8A9-27AF203725B9}
	EndGlobalSection
EndGlobal
